version = 1
revision = 3
requires-python = ">=3.13"

[[package]]
name = "faker"
version = "40.38.0"
source = { registry = "https://pypi.org/simple" }
dependencies = [
    { name = "tzdata", marker = "sys_platform == 'win32'" },
]
sdist = { url = "https://files.pythonhosted.org/packages/f2/55/baeae0ecb04ef56c92d6ac1ef7b3b965af0502ac9863fc85db7afc0884fd/faker-40.38.0.tar.gz", hash = "sha256:72e421098664edf38478f4269a5d5a539337de5da18883ce67cb1e6bb96b0b3a", size = 2029190, upload-time = "2026-09-01T19:19:46.958Z" }
wheels = [
    { url = "https://files.pythonhosted.org/packages/f1/b8/48cb8733de8448023983f64e81d7f731ce1459c21e93b9b29657e5c48cab/faker-40.38.0-py3-none-any.whl", hash = "sha256:69927515d61759c8a257540b8a91891cd622ba1c24a386b62a0a777e44ba46a9", size = 2065931, upload-time = "2026-09-01T19:19:45.234Z" },
]

[[package]]
name = "omni-connect"
version = "0.1.0"
source = { editable = "." }
dependencies = [
    { name = "faker" },
]

[package.metadata]
requires-dist = [{ name = "faker", specifier = ">=40.38.0" }]

[[package]]
name = "tzdata"
version = "2026.3"
source = { registry = "https://pypi.org/simple" }
sdist = { url = "https://files.pythonhosted.org/packages/92/ff/5a28bdfd8c3ebec42564ac7d0e54ca3db65044a9314a97f9564fa7a1e926/tzdata-2026.3.tar.gz", hash = "sha256:4a1518b8993086a7982523e071643f3c0e5f213e75b21318e78bcabfff9d1415", size = 198674, upload-time = "2026-07-10T08:50:37.887Z" }
wheels = [
    { url = "https://files.pythonhosted.org/packages/e5/6d/b53b99a9f2766d095985947a5782f1702cabb129a34f7a802d7197af832f/tzdata-2026.3-py2.py3-none-any.whl", hash = "sha256:dc096730c87af6cab1b171c9d532be840741ff5d459015e7f6947bd7d7e54931", size = 348168, upload-time = "2026-07-10T08:50:36.46Z" },
]
